// !$*UTF8*$!
{
	archiveVersion = 1;
	classes = {
	};
	objectVersion = 50;
	objects = {

/* Begin PBXBuildFile section */
		04BB69BC21BD69CE00DF73F0 /* AppDelegate.swift in Sources */ = {isa = PBXBuildFile; fileRef = 04BB69BB21BD69CE00DF73F0 /* AppDelegate.swift */; };
		04BB69BE21BD69CE00DF73F0 /* ViewController.swift in Sources */ = {isa = PBXBuildFile; fileRef = 04BB69BD21BD69CE00DF73F0 /* ViewController.swift */; };
		04BB69C121BD69CE00DF73F0 /* Main.storyboard in Resources */ = {isa = PBXBuildFile; fileRef = 04BB69BF21BD69CE00DF73F0 /* Main.storyboard */; };
		04BB69C421BD69CE00DF73F0 /* Comics.xcdatamodeld in Sources */ = {isa = PBXBuildFile; fileRef = 04BB69C221BD69CE00DF73F0 /* Comics.xcdatamodeld */; };
		04BB69C621BD69CF00DF73F0 /* Assets.xcassets in Resources */ = {isa = PBXBuildFile; fileRef = 04BB69C521BD69CF00DF73F0 /* Assets.xcassets */; };
		04BB69C921BD69CF00DF73F0 /* LaunchScreen.storyboard in Resources */ = {isa = PBXBuildFile; fileRef = 04BB69C721BD69CF00DF73F0 /* LaunchScreen.storyboard */; };
		04BB69D421BD69CF00DF73F0 /* ComicsTests.swift in Sources */ = {isa = PBXBuildFile; fileRef = 04BB69D321BD69CF00DF73F0 /* ComicsTests.swift */; };
		04BB69DF21BD69CF00DF73F0 /* ComicsUITests.swift in Sources */ = {isa = PBXBuildFile; fileRef = 04BB69DE21BD69CF00DF73F0 /* ComicsUITests.swift */; };
/* End PBXBuildFile section */

/* Begin PBXContainerItemProxy section */
		04BB69D021BD69CF00DF73F0 /* PBXContainerItemProxy */ = {
			isa = PBXContainerItemProxy;
			containerPortal = 04BB69B021BD69CE00DF73F0 /* Project object */;
			proxyType = 1;
			remoteGlobalIDString = 04BB69B721BD69CE00DF73F0;
			remoteInfo = Comics;
		};
		04BB69DB21BD69CF00DF73F0 /* PBXContainerItemProxy */ = {
			isa = PBXContainerItemProxy;
			containerPortal = 04BB69B021BD69CE00DF73F0 /* Project object */;
			proxyType = 1;
			remoteGlobalIDString = 04BB69B721BD69CE00DF73F0;
			remoteInfo = Comics;
		};
/* End PBXContainerItemProxy section */

/* Begin PBXFileReference section */
		04BB69B821BD69CE00DF73F0 /* Comics.app */ = {isa = PBXFileReference; explicitFileType = wrapper.application; includeInIndex = 0; path = Comics.app; sourceTree = BUILT_PRODUCTS_DIR; };
		04BB69BB21BD69CE00DF73F0 /* AppDelegate.swift */ = {isa = PBXFileReference; lastKnownFileType = sourcecode.swift; path = AppDelegate.swift; sourceTree = "<group>"; };
		04BB69BD21BD69CE00DF73F0 /* ViewController.swift */ = {isa = PBXFileReference; lastKnownFileType = sourcecode.swift; path = ViewController.swift; sourceTree = "<group>"; };
		04BB69C021BD69CE00DF73F0 /* Base */ = {isa = PBXFileReference; lastKnownFileType = file.storyboard; name = Base; path = Base.lproj/Main.storyboard; sourceTree = "<group>"; };
		04BB69C321BD69CE00DF73F0 /* Comics.xcdatamodel */ = {isa = PBXFileReference; lastKnownFileType = wrapper.xcdatamodel; path = Comics.xcdatamodel; sourceTree = "<group>"; };
		04BB69C521BD69CF00DF73F0 /* Assets.xcassets */ = {isa = PBXFileReference; lastKnownFileType = folder.assetcatalog; path = Assets.xcassets; sourceTree = "<group>"; };
		04BB69C821BD69CF00DF73F0 /* Base */ = {isa = PBXFileReference; lastKnownFileType = file.storyboard; name = Base; path = Base.lproj/LaunchScreen.storyboard; sourceTree = "<group>"; };
		04BB69CA21BD69CF00DF73F0 /* Info.plist */ = {isa = PBXFileReference; lastKnownFileType = text.plist.xml; path = Info.plist; sourceTree = "<group>"; };
		04BB69CF21BD69CF00DF73F0 /* ComicsTests.xctest */ = {isa = PBXFileReference; explicitFileType = wrapper.cfbundle; includeInIndex = 0; path = ComicsTests.xctest; sourceTree = BUILT_PRODUCTS_DIR; };
		04BB69D321BD69CF00DF73F0 /* ComicsTests.swift */ = {isa = PBXFileReference; lastKnownFileType = sourcecode.swift; path = ComicsTests.swift; sourceTree = "<group>"; };
		04BB69D521BD69CF00DF73F0 /* Info.plist */ = {isa = PBXFileReference; lastKnownFileType = text.plist.xml; path = Info.plist; sourceTree = "<group>"; };
		04BB69DA21BD69CF00DF73F0 /* ComicsUITests.xctest */ = {isa = PBXFileReference; explicitFileType = wrapper.cfbundle; includeInIndex = 0; path = ComicsUITests.xctest; sourceTree = BUILT_PRODUCTS_DIR; };
		04BB69DE21BD69CF00DF73F0 /* ComicsUITests.swift */ = {isa = PBXFileReference; lastKnownFileType = sourcecode.swift; path = ComicsUITests.swift; sourceTree = "<group>"; };
		04BB69E021BD69CF00DF73F0 /* Info.plist */ = {isa = PBXFileReference; lastKnownFileType = text.plist.xml; path = Info.plist; sourceTree = "<group>"; };
/* End PBXFileReference section */

/* Begin PBXFrameworksBuildPhase section */
		04BB69B521BD69CE00DF73F0 /* Frameworks */ = {
			isa = PBXFrameworksBuildPhase;
			buildActionMask = 2147483647;
			files = (
			);
			runOnlyForDeploymentPostprocessing = 0;
		};
		04BB69CC21BD69CF00DF73F0 /* Frameworks */ = {
			isa = PBXFrameworksBuildPhase;
			buildActionMask = 2147483647;
			files = (
			);
			runOnlyForDeploymentPostprocessing = 0;
		};
		04BB69D721BD69CF00DF73F0 /* Frameworks */ = {
			isa = PBXFrameworksBuildPhase;
			buildActionMask = 2147483647;
			files = (
			);
			runOnlyForDeploymentPostprocessing = 0;
		};
/* End PBXFrameworksBuildPhase section */

/* Begin PBXGroup section */
		04BB69AF21BD69CE00DF73F0 = {
			isa = PBXGroup;
			children = (
				04BB69BA21BD69CE00DF73F0 /* Comics */,
				04BB69D221BD69CF00DF73F0 /* ComicsTests */,
				04BB69DD21BD69CF00DF73F0 /* ComicsUITests */,
				04BB69B921BD69CE00DF73F0 /* Products */,
			);
			sourceTree = "<group>";
		};
		04BB69B921BD69CE00DF73F0 /* Products */ = {
			isa = PBXGroup;
			children = (
				04BB69B821BD69CE00DF73F0 /* Comics.app */,
				04BB69CF21BD69CF00DF73F0 /* ComicsTests.xctest */,
				04BB69DA21BD69CF00DF73F0 /* ComicsUITests.xctest */,
			);
			name = Products;
			sourceTree = "<group>";
		};
		04BB69BA21BD69CE00DF73F0 /* Comics */ = {
			isa = PBXGroup;
			children = (
				04BB69BB21BD69CE00DF73F0 /* AppDelegate.swift */,
				04BB69BD21BD69CE00DF73F0 /* ViewController.swift */,
				04BB69BF21BD69CE00DF73F0 /* Main.storyboard */,
				04BB69C521BD69CF00DF73F0 /* Assets.xcassets */,
				04BB69C721BD69CF00DF73F0 /* LaunchScreen.storyboard */,
				04BB69CA21BD69CF00DF73F0 /* Info.plist */,
				04BB69C221BD69CE00DF73F0 /* Comics.xcdatamodeld */,
			);
			path = Comics;
			sourceTree = "<group>";
		};
		04BB69D221BD69CF00DF73F0 /* ComicsTests */ = {
			isa = PBXGroup;
			children = (
				04BB69D321BD69CF00DF73F0 /* ComicsTests.swift */,
				04BB69D521BD69CF00DF73F0 /* Info.plist */,
			);
			path = ComicsTests;
			sourceTree = "<group>";
		};
		04BB69DD21BD69CF00DF73F0 /* ComicsUITests */ = {
			isa = PBXGroup;
			children = (
				04BB69DE21BD69CF00DF73F0 /* ComicsUITests.swift */,
				04BB69E021BD69CF00DF73F0 /* Info.plist */,
			);
			path = ComicsUITests;
			sourceTree = "<group>";
		};
/* End PBXGroup section */

/* Begin PBXNativeTarget section */
		04BB69B721BD69CE00DF73F0 /* Comics */ = {
			isa = PBXNativeTarget;
			buildConfigurationList = 04BB69E321BD69CF00DF73F0 /* Build configuration list for PBXNativeTarget "Comics" */;
			buildPhases = (
				04BB69B421BD69CE00DF73F0 /* Sources */,
				04BB69B521BD69CE00DF73F0 /* Frameworks */,
				04BB69B621BD69CE00DF73F0 /* Resources */,
			);
			buildRules = (
			);
			dependencies = (
			);
			name = Comics;
			productName = Comics;
			productReference = 04BB69B821BD69CE00DF73F0 /* Comics.app */;
			productType = "com.apple.product-type.application";
		};
		04BB69CE21BD69CF00DF73F0 /* ComicsTests */ = {
			isa = PBXNativeTarget;
			buildConfigurationList = 04BB69E621BD69CF00DF73F0 /* Build configuration list for PBXNativeTarget "ComicsTests" */;
			buildPhases = (
				04BB69CB21BD69CF00DF73F0 /* Sources */,
				04BB69CC21BD69CF00DF73F0 /* Frameworks */,
				04BB69CD21BD69CF00DF73F0 /* Resources */,
			);
			buildRules = (
			);
			dependencies = (
				04BB69D121BD69CF00DF73F0 /* PBXTargetDependency */,
			);
			name = ComicsTests;
			productName = ComicsTests;
			productReference = 04BB69CF21BD69CF00DF73F0 /* ComicsTests.xctest */;
			productType = "com.apple.product-type.bundle.unit-test";
		};
		04BB69D921BD69CF00DF73F0 /* ComicsUITests */ = {
			isa = PBXNativeTarget;
			buildConfigurationList = 04BB69E921BD69CF00DF73F0 /* Build configuration list for PBXNativeTarget "ComicsUITests" */;
			buildPhases = (
				04BB69D621BD69CF00DF73F0 /* Sources */,
				04BB69D721BD69CF00DF73F0 /* Frameworks */,
				04BB69D821BD69CF00DF73F0 /* Resources */,
			);
			buildRules = (
			);
			dependencies = (
				04BB69DC21BD69CF00DF73F0 /* PBXTargetDependency */,
			);
			name = ComicsUITests;
			productName = ComicsUITests;
			productReference = 04BB69DA21BD69CF00DF73F0 /* ComicsUITests.xctest */;
			productType = "com.apple.product-type.bundle.ui-testing";
		};
/* End PBXNativeTarget section */

/* Begin PBXProject section */
		04BB69B021BD69CE00DF73F0 /* Project object */ = {
			isa = PBXProject;
			attributes = {
				LastSwiftUpdateCheck = 0940;
				LastUpgradeCheck = 0940;
				ORGANIZATIONNAME = Mac;
				TargetAttributes = {
					04BB69B721BD69CE00DF73F0 = {
						CreatedOnToolsVersion = 9.4.1;
					};
					04BB69CE21BD69CF00DF73F0 = {
						CreatedOnToolsVersion = 9.4.1;
						TestTargetID = 04BB69B721BD69CE00DF73F0;
					};
					04BB69D921BD69CF00DF73F0 = {
						CreatedOnToolsVersion = 9.4.1;
						TestTargetID = 04BB69B721BD69CE00DF73F0;
					};
				};
			};
			buildConfigurationList = 04BB69B321BD69CE00DF73F0 /* Build configuration list for PBXProject "Comics" */;
			compatibilityVersion = "Xcode 9.3";
			developmentRegion = en;
			hasScannedForEncodings = 0;
			knownRegions = (
				en,
				Base,
			);
			mainGroup = 04BB69AF21BD69CE00DF73F0;
			productRefGroup = 04BB69B921BD69CE00DF73F0 /* Products */;
			projectDirPath = "";
			projectRoot = "";
			targets = (
				04BB69B721BD69CE00DF73F0 /* Comics */,
				04BB69CE21BD69CF00DF73F0 /* ComicsTests */,
				04BB69D921BD69CF00DF73F0 /* ComicsUITests */,
			);
		};
/* End PBXProject section */

/* Begin PBXResourcesBuildPhase section */
		04BB69B621BD69CE00DF73F0 /* Resources */ = {
			isa = PBXResourcesBuildPhase;
			buildActionMask = 2147483647;
			files = (
				04BB69C921BD69CF00DF73F0 /* LaunchScreen.storyboard in Resources */,
				04BB69C621BD69CF00DF73F0 /* Assets.xcassets in Resources */,
				04BB69C121BD69CE00DF73F0 /* Main.storyboard in Resources */,
			);
			runOnlyForDeploymentPostprocessing = 0;
		};
		04BB69CD21BD69CF00DF73F0 /* Resources */ = {
			isa = PBXResourcesBuildPhase;
			buildActionMask = 2147483647;
			files = (
			);
			runOnlyForDeploymentPostprocessing = 0;
		};
		04BB69D821BD69CF00DF73F0 /* Resources */ = {
			isa = PBXResourcesBuildPhase;
			buildActionMask = 2147483647;
			files = (
			);
			runOnlyForDeploymentPostprocessing = 0;
		};
/* End PBXResourcesBuildPhase section */

/* Begin PBXSourcesBuildPhase section */
		04BB69B421BD69CE00DF73F0 /* Sources */ = {
			isa = PBXSourcesBuildPhase;
			buildActionMask = 2147483647;
			files = (
				04BB69C421BD69CE00DF73F0 /* Comics.xcdatamodeld in Sources */,
				04BB69BE21BD69CE00DF73F0 /* ViewController.swift in Sources */,
				04BB69BC21BD69CE00DF73F0 /* AppDelegate.swift in Sources */,
			);
			runOnlyForDeploymentPostprocessing = 0;
		};
		04BB69CB21BD69CF00DF73F0 /* Sources */ = {
			isa = PBXSourcesBuildPhase;
			buildActionMask = 2147483647;
			files = (
				04BB69D421BD69CF00DF73F0 /* ComicsTests.swift in Sources */,
			);
			runOnlyForDeploymentPostprocessing = 0;
		};
		04BB69D621BD69CF00DF73F0 /* Sources */ = {
			isa = PBXSourcesBuildPhase;
			buildActionMask = 2147483647;
			files = (
				04BB69DF21BD69CF00DF73F0 /* ComicsUITests.swift in Sources */,
			);
			runOnlyForDeploymentPostprocessing = 0;
		};
/* End PBXSourcesBuildPhase section */

/* Begin PBXTargetDependency section */
		04BB69D121BD69CF00DF73F0 /* PBXTargetDependency */ = {
			isa = PBXTargetDependency;
			target = 04BB69B721BD69CE00DF73F0 /* Comics */;
			targetProxy = 04BB69D021BD69CF00DF73F0 /* PBXContainerItemProxy */;
		};
		04BB69DC21BD69CF00DF73F0 /* PBXTargetDependency */ = {
			isa = PBXTargetDependency;
			target = 04BB69B721BD69CE00DF73F0 /* Comics */;
			targetProxy = 04BB69DB21BD69CF00DF73F0 /* PBXContainerItemProxy */;
		};
/* End PBXTargetDependency section */

/* Begin PBXVariantGroup section */
		04BB69BF21BD69CE00DF73F0 /* Main.storyboard */ = {
			isa = PBXVariantGroup;
			children = (
				04BB69C021BD69CE00DF73F0 /* Base */,
			);
			name = Main.storyboard;
			sourceTree = "<group>";
		};
		04BB69C721BD69CF00DF73F0 /* LaunchScreen.storyboard */ = {
			isa = PBXVariantGroup;
			children = (
				04BB69C821BD69CF00DF73F0 /* Base */,
			);
			name = LaunchScreen.storyboard;
			sourceTree = "<group>";
		};
/* End PBXVariantGroup section */

/* Begin XCBuildConfiguration section */
		04BB69E121BD69CF00DF73F0 /* Debug */ = {
			isa = XCBuildConfiguration;
			buildSettings = {
				ALWAYS_SEARCH_USER_PATHS = NO;
				CLANG_ANALYZER_NONNULL = YES;
				CLANG_ANALYZER_NUMBER_OBJECT_CONVERSION = YES_AGGRESSIVE;
				CLANG_CXX_LANGUAGE_STANDARD = "gnu++14";
				CLANG_CXX_LIBRARY = "libc++";
				CLANG_ENABLE_MODULES = YES;
				CLANG_ENABLE_OBJC_ARC = YES;
				CLANG_ENABLE_OBJC_WEAK = YES;
				CLANG_WARN_BLOCK_CAPTURE_AUTORELEASING = YES;
				CLANG_WARN_BOOL_CONVERSION = YES;
				CLANG_WARN_COMMA = YES;
				CLANG_WARN_CONSTANT_CONVERSION = YES;
				CLANG_WARN_DEPRECATED_OBJC_IMPLEMENTATIONS = YES;
				CLANG_WARN_DIRECT_OBJC_ISA_USAGE = YES_ERROR;
				CLANG_WARN_DOCUMENTATION_COMMENTS = YES;
				CLANG_WARN_EMPTY_BODY = YES;
				CLANG_WARN_ENUM_CONVERSION = YES;
				CLANG_WARN_INFINITE_RECURSION = YES;
				CLANG_WARN_INT_CONVERSION = YES;
				CLANG_WARN_NON_LITERAL_NULL_CONVERSION = YES;
				CLANG_WARN_OBJC_IMPLICIT_RETAIN_SELF = YES;
				CLANG_WARN_OBJC_LITERAL_CONVERSION = YES;
				CLANG_WARN_OBJC_ROOT_CLASS = YES_ERROR;
				CLANG_WARN_RANGE_LOOP_ANALYSIS = YES;
				CLANG_WARN_STRICT_PROTOTYPES = YES;
				CLANG_WARN_SUSPICIOUS_MOVE = YES;
				CLANG_WARN_UNGUARDED_AVAILABILITY = YES_AGGRESSIVE;
				CLANG_WARN_UNREACHABLE_CODE = YES;
				CLANG_WARN__DUPLICATE_METHOD_MATCH = YES;
				CODE_SIGN_IDENTITY = "iPhone Developer";
				COPY_PHASE_STRIP = NO;
				DEBUG_INFORMATION_FORMAT = dwarf;
				ENABLE_STRICT_OBJC_MSGSEND = YES;
				ENABLE_TESTABILITY = YES;
				GCC_C_LANGUAGE_STANDARD = gnu11;
				GCC_DYNAMIC_NO_PIC = NO;
				GCC_NO_COMMON_BLOCKS = YES;
				GCC_OPTIMIZATION_LEVEL = 0;
				GCC_PREPROCESSOR_DEFINITIONS = (
					"DEBUG=1",
					"$(inherited)",
				);
				GCC_WARN_64_TO_32_BIT_CONVERSION = YES;
				GCC_WARN_ABOUT_RETURN_TYPE = YES_ERROR;
				GCC_WARN_UNDECLARED_SELECTOR = YES;
				GCC_WARN_UNINITIALIZED_AUTOS = YES_AGGRESSIVE;
				GCC_WARN_UNUSED_FUNCTION = YES;
				GCC_WARN_UNUSED_VARIABLE = YES;
				IPHONEOS_DEPLOYMENT_TARGET = 11.4;
				MTL_ENABLE_DEBUG_INFO = YES;
				ONLY_ACTIVE_ARCH = YES;
				SDKROOT = iphoneos;
				SWIFT_ACTIVE_COMPILATION_CONDITIONS = DEBUG;
				SWIFT_OPTIMIZATION_LEVEL = "-Onone";
			};
			name = Debug;
		};
		04BB69E221BD69CF00DF73F0 /* Release */ = {
			isa = XCBuildConfiguration;
			buildSettings = {
				ALWAYS_SEARCH_USER_PATHS = NO;
				CLANG_ANALYZER_NONNULL = YES;
				CLANG_ANALYZER_NUMBER_OBJECT_CONVERSION = YES_AGGRESSIVE;
				CLANG_CXX_LANGUAGE_STANDARD = "gnu++14";
				CLANG_CXX_LIBRARY = "libc++";
				CLANG_ENABLE_MODULES = YES;
				CLANG_ENABLE_OBJC_ARC = YES;
				CLANG_ENABLE_OBJC_WEAK = YES;
				CLANG_WARN_BLOCK_CAPTURE_AUTORELEASING = YES;
				CLANG_WARN_BOOL_CONVERSION = YES;
				CLANG_WARN_COMMA = YES;
				CLANG_WARN_CONSTANT_CONVERSION = YES;
				CLANG_WARN_DEPRECATED_OBJC_IMPLEMENTATIONS = YES;
				CLANG_WARN_DIRECT_OBJC_ISA_USAGE = YES_ERROR;
				CLANG_WARN_DOCUMENTATION_COMMENTS = YES;
				CLANG_WARN_EMPTY_BODY = YES;
				CLANG_WARN_ENUM_CONVERSION = YES;
				CLANG_WARN_INFINITE_RECURSION = YES;
				CLANG_WARN_INT_CONVERSION = YES;
				CLANG_WARN_NON_LITERAL_NULL_CONVERSION = YES;
				CLANG_WARN_OBJC_IMPLICIT_RETAIN_SELF = YES;
				CLANG_WARN_OBJC_LITERAL_CONVERSION = YES;
				CLANG_WARN_OBJC_ROOT_CLASS = YES_ERROR;
				CLANG_WARN_RANGE_LOOP_ANALYSIS = YES;
				CLANG_WARN_STRICT_PROTOTYPES = YES;
				CLANG_WARN_SUSPICIOUS_MOVE = YES;
				CLANG_WARN_UNGUARDED_AVAILABILITY = YES_AGGRESSIVE;
				CLANG_WARN_UNREACHABLE_CODE = YES;
				CLANG_WARN__DUPLICATE_METHOD_MATCH = YES;
				CODE_SIGN_IDENTITY = "iPhone Developer";
				COPY_PHASE_STRIP = NO;
				DEBUG_INFORMATION_FORMAT = "dwarf-with-dsym";
				ENABLE_NS_ASSERTIONS = NO;
				ENABLE_STRICT_OBJC_MSGSEND = YES;
				GCC_C_LANGUAGE_STANDARD = gnu11;
				GCC_NO_COMMON_BLOCKS = YES;
				GCC_WARN_64_TO_32_BIT_CONVERSION = YES;
				GCC_WARN_ABOUT_RETURN_TYPE = YES_ERROR;
				GCC_WARN_UNDECLARED_SELECTOR = YES;
				GCC_WARN_UNINITIALIZED_AUTOS = YES_AGGRESSIVE;
				GCC_WARN_UNUSED_FUNCTION = YES;
				GCC_WARN_UNUSED_VARIABLE = YES;
				IPHONEOS_DEPLOYMENT_TARGET = 11.4;
				MTL_ENABLE_DEBUG_INFO = NO;
				SDKROOT = iphoneos;
				SWIFT_COMPILATION_MODE = wholemodule;
				SWIFT_OPTIMIZATION_LEVEL = "-O";
				VALIDATE_PRODUCT = YES;
			};
			name = Release;
		};
		04BB69E421BD69CF00DF73F0 /* Debug */ = {
			isa = XCBuildConfiguration;
			buildSettings = {
				ASSETCATALOG_COMPILER_APPICON_NAME = AppIcon;
				CODE_SIGN_STYLE = Automatic;
				INFOPLIST_FILE = Comics/Info.plist;
				LD_RUNPATH_SEARCH_PATHS = (
					"$(inherited)",
					"@executable_path/Frameworks",
				);
				PRODUCT_BUNDLE_IDENTIFIER = Rushikesh.Comics;
				PRODUCT_NAME = "$(TARGET_NAME)";
				SWIFT_VERSION = 4.0;
				TARGETED_DEVICE_FAMILY = "1,2";
			};
			name = Debug;
		};
		04BB69E521BD69CF00DF73F0 /* Release */ = {
			isa = XCBuildConfiguration;
			buildSettings = {
				ASSETCATALOG_COMPILER_APPICON_NAME = AppIcon;
				CODE_SIGN_STYLE = Automatic;
				INFOPLIST_FILE = Comics/Info.plist;
				LD_RUNPATH_SEARCH_PATHS = (
					"$(inherited)",
					"@executable_path/Frameworks",
				);
				PRODUCT_BUNDLE_IDENTIFIER = Rushikesh.Comics;
				PRODUCT_NAME = "$(TARGET_NAME)";
				SWIFT_VERSION = 4.0;
				TARGETED_DEVICE_FAMILY = "1,2";
			};
			name = Release;
		};
		04BB69E721BD69CF00DF73F0 /* Debug */ = {
			isa = XCBuildConfiguration;
			buildSettings = {
				ALWAYS_EMBED_SWIFT_STANDARD_LIBRARIES = YES;
				BUNDLE_LOADER = "$(TEST_HOST)";
				CODE_SIGN_STYLE = Automatic;
				INFOPLIST_FILE = ComicsTests/Info.plist;
				LD_RUNPATH_SEARCH_PATHS = (
					"$(inherited)",
					"@executable_path/Frameworks",
					"@loader_path/Frameworks",
				);
				PRODUCT_BUNDLE_IDENTIFIER = Rushikesh.ComicsTests;
				PRODUCT_NAME = "$(TARGET_NAME)";
				SWIFT_VERSION = 4.0;
				TARGETED_DEVICE_FAMILY = "1,2";
				TEST_HOST = "$(BUILT_PRODUCTS_DIR)/Comics.app/Comics";
			};
			name = Debug;
		};
		04BB69E821BD69CF00DF73F0 /* Release */ = {
			isa = XCBuildConfiguration;
			buildSettings = {
				ALWAYS_EMBED_SWIFT_STANDARD_LIBRARIES = YES;
				BUNDLE_LOADER = "$(TEST_HOST)";
				CODE_SIGN_STYLE = Automatic;
				INFOPLIST_FILE = ComicsTests/Info.plist;
				LD_RUNPATH_SEARCH_PATHS = (
					"$(inherited)",
					"@executable_path/Frameworks",
					"@loader_path/Frameworks",
				);
				PRODUCT_BUNDLE_IDENTIFIER = Rushikesh.ComicsTests;
				PRODUCT_NAME = "$(TARGET_NAME)";
				SWIFT_VERSION = 4.0;
				TARGETED_DEVICE_FAMILY = "1,2";
				TEST_HOST = "$(BUILT_PRODUCTS_DIR)/Comics.app/Comics";
			};
			name = Release;
		};
		04BB69EA21BD69CF00DF73F0 /* Debug */ = {
			isa = XCBuildConfiguration;
			buildSettings = {
				ALWAYS_EMBED_SWIFT_STANDARD_LIBRARIES = YES;
				CODE_SIGN_STYLE = Automatic;
				INFOPLIST_FILE = ComicsUITests/Info.plist;
				LD_RUNPATH_SEARCH_PATHS = (
					"$(inherited)",
					"@executable_path/Frameworks",
					"@loader_path/Frameworks",
				);
				PRODUCT_BUNDLE_IDENTIFIER = Rushikesh.ComicsUITests;
				PRODUCT_NAME = "$(TARGET_NAME)";
				SWIFT_VERSION = 4.0;
				TARGETED_DEVICE_FAMILY = "1,2";
				TEST_TARGET_NAME = Comics;
			};
			name = Debug;
		};
		04BB69EB21BD69CF00DF73F0 /* Release */ = {
			isa = XCBuildConfiguration;
			buildSettings = {
				ALWAYS_EMBED_SWIFT_STANDARD_LIBRARIES = YES;
				CODE_SIGN_STYLE = Automatic;
				INFOPLIST_FILE = ComicsUITests/Info.plist;
				LD_RUNPATH_SEARCH_PATHS = (
					"$(inherited)",
					"@executable_path/Frameworks",
					"@loader_path/Frameworks",
				);
				PRODUCT_BUNDLE_IDENTIFIER = Rushikesh.ComicsUITests;
				PRODUCT_NAME = "$(TARGET_NAME)";
				SWIFT_VERSION = 4.0;
				TARGETED_DEVICE_FAMILY = "1,2";
				TEST_TARGET_NAME = Comics;
			};
			name = Release;
		};
/* End XCBuildConfiguration section */

/* Begin XCConfigurationList section */
		04BB69B321BD69CE00DF73F0 /* Build configuration list for PBXProject "Comics" */ = {
			isa = XCConfigurationList;
			buildConfigurations = (
				04BB69E121BD69CF00DF73F0 /* Debug */,
				04BB69E221BD69CF00DF73F0 /* Release */,
			);
			defaultConfigurationIsVisible = 0;
			defaultConfigurationName = Release;
		};
		04BB69E321BD69CF00DF73F0 /* Build configuration list for PBXNativeTarget "Comics" */ = {
			isa = XCConfigurationList;
			buildConfigurations = (
				04BB69E421BD69CF00DF73F0 /* Debug */,
				04BB69E521BD69CF00DF73F0 /* Release */,
			);
			defaultConfigurationIsVisible = 0;
			defaultConfigurationName = Release;
		};
		04BB69E621BD69CF00DF73F0 /* Build configuration list for PBXNativeTarget "ComicsTests" */ = {
			isa = XCConfigurationList;
			buildConfigurations = (
				04BB69E721BD69CF00DF73F0 /* Debug */,
				04BB69E821BD69CF00DF73F0 /* Release */,
			);
			defaultConfigurationIsVisible = 0;
			defaultConfigurationName = Release;
		};
		04BB69E921BD69CF00DF73F0 /* Build configuration list for PBXNativeTarget "ComicsUITests" */ = {
			isa = XCConfigurationList;
			buildConfigurations = (
				04BB69EA21BD69CF00DF73F0 /* Debug */,
				04BB69EB21BD69CF00DF73F0 /* Release */,
			);
			defaultConfigurationIsVisible = 0;
			defaultConfigurationName = Release;
		};
/* End XCConfigurationList section */

/* Begin XCVersionGroup section */
		04BB69C221BD69CE00DF73F0 /* Comics.xcdatamodeld */ = {
			isa = XCVersionGroup;
			children = (
				04BB69C321BD69CE00DF73F0 /* Comics.xcdatamodel */,
			);
			currentVersion = 04BB69C321BD69CE00DF73F0 /* Comics.xcdatamodel */;
			path = Comics.xcdatamodeld;
			sourceTree = "<group>";
			versionGroupType = wrapper.xcdatamodel;
		};
/* End XCVersionGroup section */
	};
	rootObject = 04BB69B021BD69CE00DF73F0 /* Project object */;
}
